// !$*UTF8*$!
{
	archiveVersion = 1;
	classes = {
	};
	objectVersion = 55;
	objects = {

/* Begin PBXBuildFile section */
		490D9536286B2EB30056FE99 /* AppDelegate.swift in Sources */ = {isa = PBXBuildFile; fileRef = 490D9535286B2EB30056FE99 /* AppDelegate.swift */; };
		490D9538286B2EB30056FE99 /* SceneDelegate.swift in Sources */ = {isa = PBXBuildFile; fileRef = 490D9537286B2EB30056FE99 /* SceneDelegate.swift */; };
		490D953A286B2EB30056FE99 /* ViewController.swift in Sources */ = {isa = PBXBuildFile; fileRef = 490D9539286B2EB30056FE99 /* ViewController.swift */; };
		490D953D286B2EB30056FE99 /* Main.storyboard in Resources */ = {isa = PBXBuildFile; fileRef = 490D953B286B2EB30056FE99 /* Main.storyboard */; };
		490D953F286B2EB50056FE99 /* Assets.xcassets in Resources */ = {isa = PBXBuildFile; fileRef = 490D953E286B2EB50056FE99 /* Assets.xcassets */; };
		490D9542286B2EB50056FE99 /* LaunchScreen.storyboard in Resources */ = {isa = PBXBuildFile; fileRef = 490D9540286B2EB50056FE99 /* LaunchScreen.storyboard */; };
		490D954D286B2EB50056FE99 /* TestChatUIKitTests.swift in Sources */ = {isa = PBXBuildFile; fileRef = 490D954C286B2EB50056FE99 /* TestChatUIKitTests.swift */; };
		490D9557286B2EB50056FE99 /* TestChatUIKitUITests.swift in Sources */ = {isa = PBXBuildFile; fileRef = 490D9556286B2EB50056FE99 /* TestChatUIKitUITests.swift */; };
		490D9559286B2EB50056FE99 /* TestChatUIKitUITestsLaunchTests.swift in Sources */ = {isa = PBXBuildFile; fileRef = 490D9558286B2EB50056FE99 /* TestChatUIKitUITestsLaunchTests.swift */; };
/* End PBXBuildFile section */

/* Begin PBXContainerItemProxy section */
		490D9549286B2EB50056FE99 /* PBXContainerItemProxy */ = {
			isa = PBXContainerItemProxy;
			containerPortal = 490D952A286B2EB30056FE99 /* Project object */;
			proxyType = 1;
			remoteGlobalIDString = 490D9531286B2EB30056FE99;
			remoteInfo = TestChatUIKit;
		};
		490D9553286B2EB50056FE99 /* PBXContainerItemProxy */ = {
			isa = PBXContainerItemProxy;
			containerPortal = 490D952A286B2EB30056FE99 /* Project object */;
			proxyType = 1;
			remoteGlobalIDString = 490D9531286B2EB30056FE99;
			remoteInfo = TestChatUIKit;
		};
/* End PBXContainerItemProxy section */

/* Begin PBXFileReference section */
		490D9532286B2EB30056FE99 /* TestChatUIKit.app */ = {isa = PBXFileReference; explicitFileType = wrapper.application; includeInIndex = 0; path = TestChatUIKit.app; sourceTree = BUILT_PRODUCTS_DIR; };
		490D9535286B2EB30056FE99 /* AppDelegate.swift */ = {isa = PBXFileReference; lastKnownFileType = sourcecode.swift; path = AppDelegate.swift; sourceTree = "<group>"; };
		490D9537286B2EB30056FE99 /* SceneDelegate.swift */ = {isa = PBXFileReference; lastKnownFileType = sourcecode.swift; path = SceneDelegate.swift; sourceTree = "<group>"; };
		490D9539286B2EB30056FE99 /* ViewController.swift */ = {isa = PBXFileReference; lastKnownFileType = sourcecode.swift; path = ViewController.swift; sourceTree = "<group>"; };
		490D953C286B2EB30056FE99 /* Base */ = {isa = PBXFileReference; lastKnownFileType = file.storyboard; name = Base; path = Base.lproj/Main.storyboard; sourceTree = "<group>"; };
		490D953E286B2EB50056FE99 /* Assets.xcassets */ = {isa = PBXFileReference; lastKnownFileType = folder.assetcatalog; path = Assets.xcassets; sourceTree = "<group>"; };
		490D9541286B2EB50056FE99 /* Base */ = {isa = PBXFileReference; lastKnownFileType = file.storyboard; name = Base; path = Base.lproj/LaunchScreen.storyboard; sourceTree = "<group>"; };
		490D9543286B2EB50056FE99 /* Info.plist */ = {isa = PBXFileReference; lastKnownFileType = text.plist.xml; path = Info.plist; sourceTree = "<group>"; };
		490D9548286B2EB50056FE99 /* TestChatUIKitTests.xctest */ = {isa = PBXFileReference; explicitFileType = wrapper.cfbundle; includeInIndex = 0; path = TestChatUIKitTests.xctest; sourceTree = BUILT_PRODUCTS_DIR; };
		490D954C286B2EB50056FE99 /* TestChatUIKitTests.swift */ = {isa = PBXFileReference; lastKnownFileType = sourcecode.swift; path = TestChatUIKitTests.swift; sourceTree = "<group>"; };
		490D9552286B2EB50056FE99 /* TestChatUIKitUITests.xctest */ = {isa = PBXFileReference; explicitFileType = wrapper.cfbundle; includeInIndex = 0; path = TestChatUIKitUITests.xctest; sourceTree = BUILT_PRODUCTS_DIR; };
		490D9556286B2EB50056FE99 /* TestChatUIKitUITests.swift */ = {isa = PBXFileReference; lastKnownFileType = sourcecode.swift; path = TestChatUIKitUITests.swift; sourceTree = "<group>"; };
		490D9558286B2EB50056FE99 /* TestChatUIKitUITestsLaunchTests.swift */ = {isa = PBXFileReference; lastKnownFileType = sourcecode.swift; path = TestChatUIKitUITestsLaunchTests.swift; sourceTree = "<group>"; };
/* End PBXFileReference section */

/* Begin PBXFrameworksBuildPhase section */
		490D952F286B2EB30056FE99 /* Frameworks */ = {
			isa = PBXFrameworksBuildPhase;
			buildActionMask = 2147483647;
			files = (
			);
			runOnlyForDeploymentPostprocessing = 0;
		};
		490D9545286B2EB50056FE99 /* Frameworks */ = {
			isa = PBXFrameworksBuildPhase;
			buildActionMask = 2147483647;
			files = (
			);
			runOnlyForDeploymentPostprocessing = 0;
		};
		490D954F286B2EB50056FE99 /* Frameworks */ = {
			isa = PBXFrameworksBuildPhase;
			buildActionMask = 2147483647;
			files = (
			);
			runOnlyForDeploymentPostprocessing = 0;
		};
/* End PBXFrameworksBuildPhase section */

/* Begin PBXGroup section */
		490D9529286B2EB30056FE99 = {
			isa = PBXGroup;
			children = (
				490D9534286B2EB30056FE99 /* TestChatUIKit */,
				490D954B286B2EB50056FE99 /* TestChatUIKitTests */,
				490D9555286B2EB50056FE99 /* TestChatUIKitUITests */,
				490D9533286B2EB30056FE99 /* Products */,
			);
			sourceTree = "<group>";
		};
		490D9533286B2EB30056FE99 /* Products */ = {
			isa = PBXGroup;
			children = (
				490D9532286B2EB30056FE99 /* TestChatUIKit.app */,
				490D9548286B2EB50056FE99 /* TestChatUIKitTests.xctest */,
				490D9552286B2EB50056FE99 /* TestChatUIKitUITests.xctest */,
			);
			name = Products;
			sourceTree = "<group>";
		};
		490D9534286B2EB30056FE99 /* TestChatUIKit */ = {
			isa = PBXGroup;
			children = (
				490D9535286B2EB30056FE99 /* AppDelegate.swift */,
				490D9537286B2EB30056FE99 /* SceneDelegate.swift */,
				490D9539286B2EB30056FE99 /* ViewController.swift */,
				490D953B286B2EB30056FE99 /* Main.storyboard */,
				490D953E286B2EB50056FE99 /* Assets.xcassets */,
				490D9540286B2EB50056FE99 /* LaunchScreen.storyboard */,
				490D9543286B2EB50056FE99 /* Info.plist */,
			);
			path = TestChatUIKit;
			sourceTree = "<group>";
		};
		490D954B286B2EB50056FE99 /* TestChatUIKitTests */ = {
			isa = PBXGroup;
			children = (
				490D954C286B2EB50056FE99 /* TestChatUIKitTests.swift */,
			);
			path = TestChatUIKitTests;
			sourceTree = "<group>";
		};
		490D9555286B2EB50056FE99 /* TestChatUIKitUITests */ = {
			isa = PBXGroup;
			children = (
				490D9556286B2EB50056FE99 /* TestChatUIKitUITests.swift */,
				490D9558286B2EB50056FE99 /* TestChatUIKitUITestsLaunchTests.swift */,
			);
			path = TestChatUIKitUITests;
			sourceTree = "<group>";
		};
/* End PBXGroup section */

/* Begin PBXNativeTarget section */
		490D9531286B2EB30056FE99 /* TestChatUIKit */ = {
			isa = PBXNativeTarget;
			buildConfigurationList = 490D955C286B2EB50056FE99 /* Build configuration list for PBXNativeTarget "TestChatUIKit" */;
			buildPhases = (
				490D952E286B2EB30056FE99 /* Sources */,
				490D952F286B2EB30056FE99 /* Frameworks */,
				490D9530286B2EB30056FE99 /* Resources */,
			);
			buildRules = (
			);
			dependencies = (
			);
			name = TestChatUIKit;
			productName = TestChatUIKit;
			productReference = 490D9532286B2EB30056FE99 /* TestChatUIKit.app */;
			productType = "com.apple.product-type.application";
		};
		490D9547286B2EB50056FE99 /* TestChatUIKitTests */ = {
			isa = PBXNativeTarget;
			buildConfigurationList = 490D955F286B2EB50056FE99 /* Build configuration list for PBXNativeTarget "TestChatUIKitTests" */;
			buildPhases = (
				490D9544286B2EB50056FE99 /* Sources */,
				490D9545286B2EB50056FE99 /* Frameworks */,
				490D9546286B2EB50056FE99 /* Resources */,
			);
			buildRules = (
			);
			dependencies = (
				490D954A286B2EB50056FE99 /* PBXTargetDependency */,
			);
			name = TestChatUIKitTests;
			productName = TestChatUIKitTests;
			productReference = 490D9548286B2EB50056FE99 /* TestChatUIKitTests.xctest */;
			productType = "com.apple.product-type.bundle.unit-test";
		};
		490D9551286B2EB50056FE99 /* TestChatUIKitUITests */ = {
			isa = PBXNativeTarget;
			buildConfigurationList = 490D9562286B2EB50056FE99 /* Build configuration list for PBXNativeTarget "TestChatUIKitUITests" */;
			buildPhases = (
				490D954E286B2EB50056FE99 /* Sources */,
				490D954F286B2EB50056FE99 /* Frameworks */,
				490D9550286B2EB50056FE99 /* Resources */,
			);
			buildRules = (
			);
			dependencies = (
				490D9554286B2EB50056FE99 /* PBXTargetDependency */,
			);
			name = TestChatUIKitUITests;
			productName = TestChatUIKitUITests;
			productReference = 490D9552286B2EB50056FE99 /* TestChatUIKitUITests.xctest */;
			productType = "com.apple.product-type.bundle.ui-testing";
		};
/* End PBXNativeTarget section */

/* Begin PBXProject section */
		490D952A286B2EB30056FE99 /* Project object */ = {
			isa = PBXProject;
			attributes = {
				BuildIndependentTargetsInParallel = 1;
				LastSwiftUpdateCheck = 1340;
				LastUpgradeCheck = 1340;
				TargetAttributes = {
					490D9531286B2EB30056FE99 = {
						CreatedOnToolsVersion = 13.4.1;
					};
					490D9547286B2EB50056FE99 = {
						CreatedOnToolsVersion = 13.4.1;
						TestTargetID = 490D9531286B2EB30056FE99;
					};
					490D9551286B2EB50056FE99 = {
						CreatedOnToolsVersion = 13.4.1;
						TestTargetID = 490D9531286B2EB30056FE99;
					};
				};
			};
			buildConfigurationList = 490D952D286B2EB30056FE99 /* Build configuration list for PBXProject "TestChatUIKit" */;
			compatibilityVersion = "Xcode 13.0";
			developmentRegion = en;
			hasScannedForEncodings = 0;
			knownRegions = (
				en,
				Base,
			);
			mainGroup = 490D9529286B2EB30056FE99;
			productRefGroup = 490D9533286B2EB30056FE99 /* Products */;
			projectDirPath = "";
			projectRoot = "";
			targets = (
				490D9531286B2EB30056FE99 /* TestChatUIKit */,
				490D9547286B2EB50056FE99 /* TestChatUIKitTests */,
				490D9551286B2EB50056FE99 /* TestChatUIKitUITests */,
			);
		};
/* End PBXProject section */

/* Begin PBXResourcesBuildPhase section */
		490D9530286B2EB30056FE99 /* Resources */ = {
			isa = PBXResourcesBuildPhase;
			buildActionMask = 2147483647;
			files = (
				490D9542286B2EB50056FE99 /* LaunchScreen.storyboard in Resources */,
				490D953F286B2EB50056FE99 /* Assets.xcassets in Resources */,
				490D953D286B2EB30056FE99 /* Main.storyboard in Resources */,
			);
			runOnlyForDeploymentPostprocessing = 0;
		};
		490D9546286B2EB50056FE99 /* Resources */ = {
			isa = PBXResourcesBuildPhase;
			buildActionMask = 2147483647;
			files = (
			);
			runOnlyForDeploymentPostprocessing = 0;
		};
		490D9550286B2EB50056FE99 /* Resources */ = {
			isa = PBXResourcesBuildPhase;
			buildActionMask = 2147483647;
			files = (
			);
			runOnlyForDeploymentPostprocessing = 0;
		};
/* End PBXResourcesBuildPhase section */

/* Begin PBXSourcesBuildPhase section */
		490D952E286B2EB30056FE99 /* Sources */ = {
			isa = PBXSourcesBuildPhase;
			buildActionMask = 2147483647;
			files = (
				490D953A286B2EB30056FE99 /* ViewController.swift in Sources */,
				490D9536286B2EB30056FE99 /* AppDelegate.swift in Sources */,
				490D9538286B2EB30056FE99 /* SceneDelegate.swift in Sources */,
			);
			runOnlyForDeploymentPostprocessing = 0;
		};
		490D9544286B2EB50056FE99 /* Sources */ = {
			isa = PBXSourcesBuildPhase;
			buildActionMask = 2147483647;
			files = (
				490D954D286B2EB50056FE99 /* TestChatUIKitTests.swift in Sources */,
			);
			runOnlyForDeploymentPostprocessing = 0;
		};
		490D954E286B2EB50056FE99 /* Sources */ = {
			isa = PBXSourcesBuildPhase;
			buildActionMask = 2147483647;
			files = (
				490D9557286B2EB50056FE99 /* TestChatUIKitUITests.swift in Sources */,
				490D9559286B2EB50056FE99 /* TestChatUIKitUITestsLaunchTests.swift in Sources */,
			);
			runOnlyForDeploymentPostprocessing = 0;
		};
/* End PBXSourcesBuildPhase section */

/* Begin PBXTargetDependency section */
		490D954A286B2EB50056FE99 /* PBXTargetDependency */ = {
			isa = PBXTargetDependency;
			target = 490D9531286B2EB30056FE99 /* TestChatUIKit */;
			targetProxy = 490D9549286B2EB50056FE99 /* PBXContainerItemProxy */;
		};
		490D9554286B2EB50056FE99 /* PBXTargetDependency */ = {
			isa = PBXTargetDependency;
			target = 490D9531286B2EB30056FE99 /* TestChatUIKit */;
			targetProxy = 490D9553286B2EB50056FE99 /* PBXContainerItemProxy */;
		};
/* End PBXTargetDependency section */

/* Begin PBXVariantGroup section */
		490D953B286B2EB30056FE99 /* Main.storyboard */ = {
			isa = PBXVariantGroup;
			children = (
				490D953C286B2EB30056FE99 /* Base */,
			);
			name = Main.storyboard;
			sourceTree = "<group>";
		};
		490D9540286B2EB50056FE99 /* LaunchScreen.storyboard */ = {
			isa = PBXVariantGroup;
			children = (
				490D9541286B2EB50056FE99 /* Base */,
			);
			name = LaunchScreen.storyboard;
			sourceTree = "<group>";
		};
/* End PBXVariantGroup section */

/* Begin XCBuildConfiguration section */
		490D955A286B2EB50056FE99 /* Debug */ = {
			isa = XCBuildConfiguration;
			buildSettings = {
				ALWAYS_SEARCH_USER_PATHS = NO;
				CLANG_ANALYZER_NONNULL = YES;
				CLANG_ANALYZER_NUMBER_OBJECT_CONVERSION = YES_AGGRESSIVE;
				CLANG_CXX_LANGUAGE_STANDARD = "gnu++17";
				CLANG_ENABLE_MODULES = YES;
				CLANG_ENABLE_OBJC_ARC = YES;
				CLANG_ENABLE_OBJC_WEAK = YES;
				CLANG_WARN_BLOCK_CAPTURE_AUTORELEASING = YES;
				CLANG_WARN_BOOL_CONVERSION = YES;
				CLANG_WARN_COMMA = YES;
				CLANG_WARN_CONSTANT_CONVERSION = YES;
				CLANG_WARN_DEPRECATED_OBJC_IMPLEMENTATIONS = YES;
				CLANG_WARN_DIRECT_OBJC_ISA_USAGE = YES_ERROR;
				CLANG_WARN_DOCUMENTATION_COMMENTS = YES;
				CLANG_WARN_EMPTY_BODY = YES;
				CLANG_WARN_ENUM_CONVERSION = YES;
				CLANG_WARN_INFINITE_RECURSION = YES;
				CLANG_WARN_INT_CONVERSION = YES;
				CLANG_WARN_NON_LITERAL_NULL_CONVERSION = YES;
				CLANG_WARN_OBJC_IMPLICIT_RETAIN_SELF = YES;
				CLANG_WARN_OBJC_LITERAL_CONVERSION = YES;
				CLANG_WARN_OBJC_ROOT_CLASS = YES_ERROR;
				CLANG_WARN_QUOTED_INCLUDE_IN_FRAMEWORK_HEADER = YES;
				CLANG_WARN_RANGE_LOOP_ANALYSIS = YES;
				CLANG_WARN_STRICT_PROTOTYPES = YES;
				CLANG_WARN_SUSPICIOUS_MOVE = YES;
				CLANG_WARN_UNGUARDED_AVAILABILITY = YES_AGGRESSIVE;
				CLANG_WARN_UNREACHABLE_CODE = YES;
				CLANG_WARN__DUPLICATE_METHOD_MATCH = YES;
				COPY_PHASE_STRIP = NO;
				DEBUG_INFORMATION_FORMAT = dwarf;
				ENABLE_STRICT_OBJC_MSGSEND = YES;
				ENABLE_TESTABILITY = YES;
				GCC_C_LANGUAGE_STANDARD = gnu11;
				GCC_DYNAMIC_NO_PIC = NO;
				GCC_NO_COMMON_BLOCKS = YES;
				GCC_OPTIMIZATION_LEVEL = 0;
				GCC_PREPROCESSOR_DEFINITIONS = (
					"DEBUG=1",
					"$(inherited)",
				);
				GCC_WARN_64_TO_32_BIT_CONVERSION = YES;
				GCC_WARN_ABOUT_RETURN_TYPE = YES_ERROR;
				GCC_WARN_UNDECLARED_SELECTOR = YES;
				GCC_WARN_UNINITIALIZED_AUTOS = YES_AGGRESSIVE;
				GCC_WARN_UNUSED_FUNCTION = YES;
				GCC_WARN_UNUSED_VARIABLE = YES;
				IPHONEOS_DEPLOYMENT_TARGET = 15.5;
				MTL_ENABLE_DEBUG_INFO = INCLUDE_SOURCE;
				MTL_FAST_MATH = YES;
				ONLY_ACTIVE_ARCH = YES;
				SDKROOT = iphoneos;
				SWIFT_ACTIVE_COMPILATION_CONDITIONS = DEBUG;
				SWIFT_OPTIMIZATION_LEVEL = "-Onone";
			};
			name = Debug;
		};
		490D955B286B2EB50056FE99 /* Release */ = {
			isa = XCBuildConfiguration;
			buildSettings = {
				ALWAYS_SEARCH_USER_PATHS = NO;
				CLANG_ANALYZER_NONNULL = YES;
				CLANG_ANALYZER_NUMBER_OBJECT_CONVERSION = YES_AGGRESSIVE;
				CLANG_CXX_LANGUAGE_STANDARD = "gnu++17";
				CLANG_ENABLE_MODULES = YES;
				CLANG_ENABLE_OBJC_ARC = YES;
				CLANG_ENABLE_OBJC_WEAK = YES;
				CLANG_WARN_BLOCK_CAPTURE_AUTORELEASING = YES;
				CLANG_WARN_BOOL_CONVERSION = YES;
				CLANG_WARN_COMMA = YES;
				CLANG_WARN_CONSTANT_CONVERSION = YES;
				CLANG_WARN_DEPRECATED_OBJC_IMPLEMENTATIONS = YES;
				CLANG_WARN_DIRECT_OBJC_ISA_USAGE = YES_ERROR;
				CLANG_WARN_DOCUMENTATION_COMMENTS = YES;
				CLANG_WARN_EMPTY_BODY = YES;
				CLANG_WARN_ENUM_CONVERSION = YES;
				CLANG_WARN_INFINITE_RECURSION = YES;
				CLANG_WARN_INT_CONVERSION = YES;
				CLANG_WARN_NON_LITERAL_NULL_CONVERSION = YES;
				CLANG_WARN_OBJC_IMPLICIT_RETAIN_SELF = YES;
				CLANG_WARN_OBJC_LITERAL_CONVERSION = YES;
				CLANG_WARN_OBJC_ROOT_CLASS = YES_ERROR;
				CLANG_WARN_QUOTED_INCLUDE_IN_FRAMEWORK_HEADER = YES;
				CLANG_WARN_RANGE_LOOP_ANALYSIS = YES;
				CLANG_WARN_STRICT_PROTOTYPES = YES;
				CLANG_WARN_SUSPICIOUS_MOVE = YES;
				CLANG_WARN_UNGUARDED_AVAILABILITY = YES_AGGRESSIVE;
				CLANG_WARN_UNREACHABLE_CODE = YES;
				CLANG_WARN__DUPLICATE_METHOD_MATCH = YES;
				COPY_PHASE_STRIP = NO;
				DEBUG_INFORMATION_FORMAT = "dwarf-with-dsym";
				ENABLE_NS_ASSERTIONS = NO;
				ENABLE_STRICT_OBJC_MSGSEND = YES;
				GCC_C_LANGUAGE_STANDARD = gnu11;
				GCC_NO_COMMON_BLOCKS = YES;
				GCC_WARN_64_TO_32_BIT_CONVERSION = YES;
				GCC_WARN_ABOUT_RETURN_TYPE = YES_ERROR;
				GCC_WARN_UNDECLARED_SELECTOR = YES;
				GCC_WARN_UNINITIALIZED_AUTOS = YES_AGGRESSIVE;
				GCC_WARN_UNUSED_FUNCTION = YES;
				GCC_WARN_UNUSED_VARIABLE = YES;
				IPHONEOS_DEPLOYMENT_TARGET = 15.5;
				MTL_ENABLE_DEBUG_INFO = NO;
				MTL_FAST_MATH = YES;
				SDKROOT = iphoneos;
				SWIFT_COMPILATION_MODE = wholemodule;
				SWIFT_OPTIMIZATION_LEVEL = "-O";
				VALIDATE_PRODUCT = YES;
			};
			name = Release;
		};
		490D955D286B2EB50056FE99 /* Debug */ = {
			isa = XCBuildConfiguration;
			buildSettings = {
				ASSETCATALOG_COMPILER_APPICON_NAME = AppIcon;
				ASSETCATALOG_COMPILER_GLOBAL_ACCENT_COLOR_NAME = AccentColor;
				CODE_SIGN_STYLE = Automatic;
				CURRENT_PROJECT_VERSION = 1;
				DEVELOPMENT_TEAM = 274RF4F6D5;
				GENERATE_INFOPLIST_FILE = YES;
				INFOPLIST_FILE = TestChatUIKit/Info.plist;
				INFOPLIST_KEY_UIApplicationSupportsIndirectInputEvents = YES;
				INFOPLIST_KEY_UILaunchStoryboardName = LaunchScreen;
				INFOPLIST_KEY_UIMainStoryboardFile = Main;
				INFOPLIST_KEY_UISupportedInterfaceOrientations_iPad = "UIInterfaceOrientationPortrait UIInterfaceOrientationPortraitUpsideDown UIInterfaceOrientationLandscapeLeft UIInterfaceOrientationLandscapeRight";
				INFOPLIST_KEY_UISupportedInterfaceOrientations_iPhone = "UIInterfaceOrientationPortrait UIInterfaceOrientationLandscapeLeft UIInterfaceOrientationLandscapeRight";
				LD_RUNPATH_SEARCH_PATHS = (
					"$(inherited)",
					"@executable_path/Frameworks",
				);
				MARKETING_VERSION = 1.0;
				PRODUCT_BUNDLE_IDENTIFIER = com.maxches99.TestChatUIKit;
				PRODUCT_NAME = "$(TARGET_NAME)";
				SWIFT_EMIT_LOC_STRINGS = YES;
				SWIFT_VERSION = 5.0;
				TARGETED_DEVICE_FAMILY = "1,2";
			};
			name = Debug;
		};
		490D955E286B2EB50056FE99 /* Release */ = {
			isa = XCBuildConfiguration;
			buildSettings = {
				ASSETCATALOG_COMPILER_APPICON_NAME = AppIcon;
				ASSETCATALOG_COMPILER_GLOBAL_ACCENT_COLOR_NAME = AccentColor;
				CODE_SIGN_STYLE = Automatic;
				CURRENT_PROJECT_VERSION = 1;
				DEVELOPMENT_TEAM = 274RF4F6D5;
				GENERATE_INFOPLIST_FILE = YES;
				INFOPLIST_FILE = TestChatUIKit/Info.plist;
				INFOPLIST_KEY_UIApplicationSupportsIndirectInputEvents = YES;
				INFOPLIST_KEY_UILaunchStoryboardName = LaunchScreen;
				INFOPLIST_KEY_UIMainStoryboardFile = Main;
				INFOPLIST_KEY_UISupportedInterfaceOrientations_iPad = "UIInterfaceOrientationPortrait UIInterfaceOrientationPortraitUpsideDown UIInterfaceOrientationLandscapeLeft UIInterfaceOrientationLandscapeRight";
				INFOPLIST_KEY_UISupportedInterfaceOrientations_iPhone = "UIInterfaceOrientationPortrait UIInterfaceOrientationLandscapeLeft UIInterfaceOrientationLandscapeRight";
				LD_RUNPATH_SEARCH_PATHS = (
					"$(inherited)",
					"@executable_path/Frameworks",
				);
				MARKETING_VERSION = 1.0;
				PRODUCT_BUNDLE_IDENTIFIER = com.maxches99.TestChatUIKit;
				PRODUCT_NAME = "$(TARGET_NAME)";
				SWIFT_EMIT_LOC_STRINGS = YES;
				SWIFT_VERSION = 5.0;
				TARGETED_DEVICE_FAMILY = "1,2";
			};
			name = Release;
		};
		490D9560286B2EB50056FE99 /* Debug */ = {
			isa = XCBuildConfiguration;
			buildSettings = {
				ALWAYS_EMBED_SWIFT_STANDARD_LIBRARIES = YES;
				BUNDLE_LOADER = "$(TEST_HOST)";
				CODE_SIGN_STYLE = Automatic;
				CURRENT_PROJECT_VERSION = 1;
				DEVELOPMENT_TEAM = 274RF4F6D5;
				GENERATE_INFOPLIST_FILE = YES;
				IPHONEOS_DEPLOYMENT_TARGET = 15.5;
				MARKETING_VERSION = 1.0;
				PRODUCT_BUNDLE_IDENTIFIER = com.maxches99.TestChatUIKitTests;
				PRODUCT_NAME = "$(TARGET_NAME)";
				SWIFT_EMIT_LOC_STRINGS = NO;
				SWIFT_VERSION = 5.0;
				TARGETED_DEVICE_FAMILY = "1,2";
				TEST_HOST = "$(BUILT_PRODUCTS_DIR)/TestChatUIKit.app/TestChatUIKit";
			};
			name = Debug;
		};
		490D9561286B2EB50056FE99 /* Release */ = {
			isa = XCBuildConfiguration;
			buildSettings = {
				ALWAYS_EMBED_SWIFT_STANDARD_LIBRARIES = YES;
				BUNDLE_LOADER = "$(TEST_HOST)";
				CODE_SIGN_STYLE = Automatic;
				CURRENT_PROJECT_VERSION = 1;
				DEVELOPMENT_TEAM = 274RF4F6D5;
				GENERATE_INFOPLIST_FILE = YES;
				IPHONEOS_DEPLOYMENT_TARGET = 15.5;
				MARKETING_VERSION = 1.0;
				PRODUCT_BUNDLE_IDENTIFIER = com.maxches99.TestChatUIKitTests;
				PRODUCT_NAME = "$(TARGET_NAME)";
				SWIFT_EMIT_LOC_STRINGS = NO;
				SWIFT_VERSION = 5.0;
				TARGETED_DEVICE_FAMILY = "1,2";
				TEST_HOST = "$(BUILT_PRODUCTS_DIR)/TestChatUIKit.app/TestChatUIKit";
			};
			name = Release;
		};
		490D9563286B2EB50056FE99 /* Debug */ = {
			isa = XCBuildConfiguration;
			buildSettings = {
				ALWAYS_EMBED_SWIFT_STANDARD_LIBRARIES = YES;
				CODE_SIGN_STYLE = Automatic;
				CURRENT_PROJECT_VERSION = 1;
				DEVELOPMENT_TEAM = 274RF4F6D5;
				GENERATE_INFOPLIST_FILE = YES;
				MARKETING_VERSION = 1.0;
				PRODUCT_BUNDLE_IDENTIFIER = com.maxches99.TestChatUIKitUITests;
				PRODUCT_NAME = "$(TARGET_NAME)";
				SWIFT_EMIT_LOC_STRINGS = NO;
				SWIFT_VERSION = 5.0;
				TARGETED_DEVICE_FAMILY = "1,2";
				TEST_TARGET_NAME = TestChatUIKit;
			};
			name = Debug;
		};
		490D9564286B2EB50056FE99 /* Release */ = {
			isa = XCBuildConfiguration;
			buildSettings = {
				ALWAYS_EMBED_SWIFT_STANDARD_LIBRARIES = YES;
				CODE_SIGN_STYLE = Automatic;
				CURRENT_PROJECT_VERSION = 1;
				DEVELOPMENT_TEAM = 274RF4F6D5;
				GENERATE_INFOPLIST_FILE = YES;
				MARKETING_VERSION = 1.0;
				PRODUCT_BUNDLE_IDENTIFIER = com.maxches99.TestChatUIKitUITests;
				PRODUCT_NAME = "$(TARGET_NAME)";
				SWIFT_EMIT_LOC_STRINGS = NO;
				SWIFT_VERSION = 5.0;
				TARGETED_DEVICE_FAMILY = "1,2";
				TEST_TARGET_NAME = TestChatUIKit;
			};
			name = Release;
		};
/* End XCBuildConfiguration section */

/* Begin XCConfigurationList section */
		490D952D286B2EB30056FE99 /* Build configuration list for PBXProject "TestChatUIKit" */ = {
			isa = XCConfigurationList;
			buildConfigurations = (
				490D955A286B2EB50056FE99 /* Debug */,
				490D955B286B2EB50056FE99 /* Release */,
			);
			defaultConfigurationIsVisible = 0;
			defaultConfigurationName = Release;
		};
		490D955C286B2EB50056FE99 /* Build configuration list for PBXNativeTarget "TestChatUIKit" */ = {
			isa = XCConfigurationList;
			buildConfigurations = (
				490D955D286B2EB50056FE99 /* Debug */,
				490D955E286B2EB50056FE99 /* Release */,
			);
			defaultConfigurationIsVisible = 0;
			defaultConfigurationName = Release;
		};
		490D955F286B2EB50056FE99 /* Build configuration list for PBXNativeTarget "TestChatUIKitTests" */ = {
			isa = XCConfigurationList;
			buildConfigurations = (
				490D9560286B2EB50056FE99 /* Debug */,
				490D9561286B2EB50056FE99 /* Release */,
			);
			defaultConfigurationIsVisible = 0;
			defaultConfigurationName = Release;
		};
		490D9562286B2EB50056FE99 /* Build configuration list for PBXNativeTarget "TestChatUIKitUITests" */ = {
			isa = XCConfigurationList;
			buildConfigurations = (
				490D9563286B2EB50056FE99 /* Debug */,
				490D9564286B2EB50056FE99 /* Release */,
			);
			defaultConfigurationIsVisible = 0;
			defaultConfigurationName = Release;
		};
/* End XCConfigurationList section */
	};
	rootObject = 490D952A286B2EB30056FE99 /* Project object */;
}
